
Microsoft Visual Studio Solution File, Format Version 12.00
# Visual Studio Version 17
VisualStudioVersion = 17.2.32516.85
MinimumVisualStudioVersion = 10.0.40219.1
Project("{9A19103F-16F7-4668-BE54-9A1E7A4F7556}") = "API", "API\API.csproj", "{495A40A1-7DFB-4A6C-92A3-B5805CE8162A}"
EndProject
Project("{9A19103F-16F7-4668-BE54-9A1E7A4F7556}") = "DataAccess", "DataAccess\DataAccess.csproj", "{88DA249E-5453-41B2-BC04-3E4EE2EAE5B5}"
EndProject
Project("{9A19103F-16F7-4668-BE54-9A1E7A4F7556}") = "Server", "Server\Server.csproj", "{757C0019-A441-43E4-8E94-C5D76FAC9224}"
EndProject
Project("{9A19103F-16F7-4668-BE54-9A1E7A4F7556}") = "Client", "Client\Client.csproj", "{AD0A9AF1-E5E3-4272-9EA0-FBF31A9D6A1C}"
EndProject
Global
	GlobalSection(SolutionConfigurationPlatforms) = preSolution
		Debug|Any CPU = Debug|Any CPU
		Release|Any CPU = Release|Any CPU
	EndGlobalSection
	GlobalSection(ProjectConfigurationPlatforms) = postSolution
		{495A40A1-7DFB-4A6C-92A3-B5805CE8162A}.Debug|Any CPU.ActiveCfg = Debug|Any CPU
		{495A40A1-7DFB-4A6C-92A3-B5805CE8162A}.Debug|Any CPU.Build.0 = Debug|Any CPU
		{495A40A1-7DFB-4A6C-92A3-B5805CE8162A}.Release|Any CPU.ActiveCfg = Release|Any CPU
		{495A40A1-7DFB-4A6C-92A3-B5805CE8162A}.Release|Any CPU.Build.0 = Release|Any CPU
		{88DA249E-5453-41B2-BC04-3E4EE2EAE5B5}.Debug|Any CPU.ActiveCfg = Debug|Any CPU
		{88DA249E-5453-41B2-BC04-3E4EE2EAE5B5}.Debug|Any CPU.Build.0 = Debug|Any CPU
		{88DA249E-5453-41B2-BC04-3E4EE2EAE5B5}.Release|Any CPU.ActiveCfg = Release|Any CPU
		{88DA249E-5453-41B2-BC04-3E4EE2EAE5B5}.Release|Any CPU.Build.0 = Release|Any CPU
		{757C0019-A441-43E4-8E94-C5D76FAC9224}.Debug|Any CPU.ActiveCfg = Debug|Any CPU
		{757C0019-A441-43E4-8E94-C5D76FAC9224}.Debug|Any CPU.Build.0 = Debug|Any CPU
		{757C0019-A441-43E4-8E94-C5D76FAC9224}.Release|Any CPU.ActiveCfg = Release|Any CPU
		{757C0019-A441-43E4-8E94-C5D76FAC9224}.Release|Any CPU.Build.0 = Release|Any CPU
		{AD0A9AF1-E5E3-4272-9EA0-FBF31A9D6A1C}.Debug|Any CPU.ActiveCfg = Debug|Any CPU
		{AD0A9AF1-E5E3-4272-9EA0-FBF31A9D6A1C}.Debug|Any CPU.Build.0 = Debug|Any CPU
		{AD0A9AF1-E5E3-4272-9EA0-FBF31A9D6A1C}.Release|Any CPU.ActiveCfg = Release|Any CPU
		{AD0A9AF1-E5E3-4272-9EA0-FBF31A9D6A1C}.Release|Any CPU.Build.0 = Release|Any CPU
	EndGlobalSection
	GlobalSection(SolutionProperties) = preSolution
		HideSolutionNode = FALSE
	EndGlobalSection
	GlobalSection(ExtensibilityGlobals) = postSolution
		SolutionGuid = {F0AC5564-1BE6-45EA-B93D-8951052A256E}
	EndGlobalSection
EndGlobal
